
Microsoft Visual Studio Solution File, Format Version 12.00
# Visual Studio Version 17
VisualStudioVersion = 17.0.31903.59
MinimumVisualStudioVersion = 10.0.40219.1
Project("{2150E333-8FDC-42A3-9474-1A3956D46DE8}") = "Common", "Common", "{A5A095F3-F20C-46B8-90F8-2324CB6959BA}"
EndProject
Project("{FAE04EC0-301F-11D3-BF4B-00C04F79EFBC}") = "Common", "Common\Common\Common.csproj", "{F8F708A2-6E2A-4492-87E1-1F527B1E5EFB}"
EndProject
Project("{2150E333-8FDC-42A3-9474-1A3956D46DE8}") = "Services", "Services", "{BB2FC9E1-E15F-48EA-ABB9-26C44E6F4EA6}"
EndProject
Project("{2150E333-8FDC-42A3-9474-1A3956D46DE8}") = "Catalog", "Catalog", "{A34F7AE3-03CF-4833-A0E0-BABD64565A80}"
EndProject
Project("{FAE04EC0-301F-11D3-BF4B-00C04F79EFBC}") = "Catalog.API", "Services\Catalog\Catalog.API\Catalog.API.csproj", "{6E630D9B-7FB5-4360-858C-CF603163F290}"
EndProject
Project("{2150E333-8FDC-42A3-9474-1A3956D46DE8}") = "Basket", "Basket", "{146BBCA9-2C2E-48D4-85F7-54FE5A386FF5}"
EndProject
Project("{FAE04EC0-301F-11D3-BF4B-00C04F79EFBC}") = "Basket.API", "Services\Basket\Basket.API\Basket.API.csproj", "{ED0A3957-047B-4A17-B97A-9987E5A4E6F7}"
EndProject
Project("{2150E333-8FDC-42A3-9474-1A3956D46DE8}") = "Ordering", "Ordering", "{47D10CCB-9DFC-41C5-9617-9D22C495B2DA}"
EndProject
Project("{FAE04EC0-301F-11D3-BF4B-00C04F79EFBC}") = "Ordering.API", "Services\Ordering\Ordering.API\Ordering.API.csproj", "{10514A87-893A-4167-9D1E-8C259D19993A}"
EndProject
Project("{FAE04EC0-301F-11D3-BF4B-00C04F79EFBC}") = "Ordering.Application", "Services\Ordering\Ordering.Application\Ordering.Application.csproj", "{3A8BCF26-1804-4AAF-8286-35E91784F621}"
EndProject
Project("{FAE04EC0-301F-11D3-BF4B-00C04F79EFBC}") = "Ordering.Domain", "Services\Ordering\Ordering.Domain\Ordering.Domain.csproj", "{82DCABF7-AB13-4162-99F2-EF0E4361545D}"
EndProject
Project("{FAE04EC0-301F-11D3-BF4B-00C04F79EFBC}") = "Ordering.Infrastructure", "Services\Ordering\Ordering.Infrastructure\Ordering.Infrastructure.csproj", "{D1ABABB2-F47A-4FA1-9254-6FAA84E43FA4}"
EndProject
Global
	GlobalSection(SolutionConfigurationPlatforms) = preSolution
		Debug|Any CPU = Debug|Any CPU
		Release|Any CPU = Release|Any CPU
	EndGlobalSection
	GlobalSection(SolutionProperties) = preSolution
		HideSolutionNode = FALSE
	EndGlobalSection
	GlobalSection(ProjectConfigurationPlatforms) = postSolution
		{F8F708A2-6E2A-4492-87E1-1F527B1E5EFB}.Debug|Any CPU.ActiveCfg = Debug|Any CPU
		{F8F708A2-6E2A-4492-87E1-1F527B1E5EFB}.Debug|Any CPU.Build.0 = Debug|Any CPU
		{F8F708A2-6E2A-4492-87E1-1F527B1E5EFB}.Release|Any CPU.ActiveCfg = Release|Any CPU
		{F8F708A2-6E2A-4492-87E1-1F527B1E5EFB}.Release|Any CPU.Build.0 = Release|Any CPU
		{6E630D9B-7FB5-4360-858C-CF603163F290}.Debug|Any CPU.ActiveCfg = Debug|Any CPU
		{6E630D9B-7FB5-4360-858C-CF603163F290}.Debug|Any CPU.Build.0 = Debug|Any CPU
		{6E630D9B-7FB5-4360-858C-CF603163F290}.Release|Any CPU.ActiveCfg = Release|Any CPU
		{6E630D9B-7FB5-4360-858C-CF603163F290}.Release|Any CPU.Build.0 = Release|Any CPU
		{ED0A3957-047B-4A17-B97A-9987E5A4E6F7}.Debug|Any CPU.ActiveCfg = Debug|Any CPU
		{ED0A3957-047B-4A17-B97A-9987E5A4E6F7}.Debug|Any CPU.Build.0 = Debug|Any CPU
		{ED0A3957-047B-4A17-B97A-9987E5A4E6F7}.Release|Any CPU.ActiveCfg = Release|Any CPU
		{ED0A3957-047B-4A17-B97A-9987E5A4E6F7}.Release|Any CPU.Build.0 = Release|Any CPU
		{10514A87-893A-4167-9D1E-8C259D19993A}.Debug|Any CPU.ActiveCfg = Debug|Any CPU
		{10514A87-893A-4167-9D1E-8C259D19993A}.Debug|Any CPU.Build.0 = Debug|Any CPU
		{10514A87-893A-4167-9D1E-8C259D19993A}.Release|Any CPU.ActiveCfg = Release|Any CPU
		{10514A87-893A-4167-9D1E-8C259D19993A}.Release|Any CPU.Build.0 = Release|Any CPU
		{3A8BCF26-1804-4AAF-8286-35E91784F621}.Debug|Any CPU.ActiveCfg = Debug|Any CPU
		{3A8BCF26-1804-4AAF-8286-35E91784F621}.Debug|Any CPU.Build.0 = Debug|Any CPU
		{3A8BCF26-1804-4AAF-8286-35E91784F621}.Release|Any CPU.ActiveCfg = Release|Any CPU
		{3A8BCF26-1804-4AAF-8286-35E91784F621}.Release|Any CPU.Build.0 = Release|Any CPU
		{82DCABF7-AB13-4162-99F2-EF0E4361545D}.Debug|Any CPU.ActiveCfg = Debug|Any CPU
		{82DCABF7-AB13-4162-99F2-EF0E4361545D}.Debug|Any CPU.Build.0 = Debug|Any CPU
		{82DCABF7-AB13-4162-99F2-EF0E4361545D}.Release|Any CPU.ActiveCfg = Release|Any CPU
		{82DCABF7-AB13-4162-99F2-EF0E4361545D}.Release|Any CPU.Build.0 = Release|Any CPU
		{D1ABABB2-F47A-4FA1-9254-6FAA84E43FA4}.Debug|Any CPU.ActiveCfg = Debug|Any CPU
		{D1ABABB2-F47A-4FA1-9254-6FAA84E43FA4}.Debug|Any CPU.Build.0 = Debug|Any CPU
		{D1ABABB2-F47A-4FA1-9254-6FAA84E43FA4}.Release|Any CPU.ActiveCfg = Release|Any CPU
		{D1ABABB2-F47A-4FA1-9254-6FAA84E43FA4}.Release|Any CPU.Build.0 = Release|Any CPU
	EndGlobalSection
	GlobalSection(NestedProjects) = preSolution
		{F8F708A2-6E2A-4492-87E1-1F527B1E5EFB} = {A5A095F3-F20C-46B8-90F8-2324CB6959BA}
		{A34F7AE3-03CF-4833-A0E0-BABD64565A80} = {BB2FC9E1-E15F-48EA-ABB9-26C44E6F4EA6}
		{6E630D9B-7FB5-4360-858C-CF603163F290} = {A34F7AE3-03CF-4833-A0E0-BABD64565A80}
		{146BBCA9-2C2E-48D4-85F7-54FE5A386FF5} = {BB2FC9E1-E15F-48EA-ABB9-26C44E6F4EA6}
		{ED0A3957-047B-4A17-B97A-9987E5A4E6F7} = {146BBCA9-2C2E-48D4-85F7-54FE5A386FF5}
		{47D10CCB-9DFC-41C5-9617-9D22C495B2DA} = {BB2FC9E1-E15F-48EA-ABB9-26C44E6F4EA6}
		{10514A87-893A-4167-9D1E-8C259D19993A} = {47D10CCB-9DFC-41C5-9617-9D22C495B2DA}
		{3A8BCF26-1804-4AAF-8286-35E91784F621} = {47D10CCB-9DFC-41C5-9617-9D22C495B2DA}
		{82DCABF7-AB13-4162-99F2-EF0E4361545D} = {47D10CCB-9DFC-41C5-9617-9D22C495B2DA}
		{D1ABABB2-F47A-4FA1-9254-6FAA84E43FA4} = {47D10CCB-9DFC-41C5-9617-9D22C495B2DA}
	EndGlobalSection
EndGlobal
